
Microsoft Visual Studio Solution File, Format Version 12.00
# Visual Studio Version 16
VisualStudioVersion = 16.0.30717.126
MinimumVisualStudioVersion = 10.0.40219.1
Project("{FAE04EC0-301F-11D3-BF4B-00C04F79EFBC}") = "BudgetAssistant.Web", "BudgetAssistant.Web\BudgetAssistant.Web.csproj", "{BDFEB82D-2F87-4545-9F96-1FD740FE53E2}"
EndProject
Project("{2150E333-8FDC-42A3-9474-1A3956D46DE8}") = "Application", "Application", "{135F2C3F-FF7C-4A69-AA50-68B725A90431}"
EndProject
Project("{2150E333-8FDC-42A3-9474-1A3956D46DE8}") = "Domain", "Domain", "{C3373722-0E3E-433E-8589-9DA07F3157FE}"
EndProject
Project("{2150E333-8FDC-42A3-9474-1A3956D46DE8}") = "Ifrastructure", "Ifrastructure", "{B5D63CCA-8F3B-4966-9CD9-332160FF12D9}"
EndProject
Project("{FAE04EC0-301F-11D3-BF4B-00C04F79EFBC}") = "BudgetAssistant.Infrastructure", "BudgetAssistant.Infrastructure\BudgetAssistant.Infrastructure.csproj", "{9097961D-C1DF-426C-91B6-72A72730EFB5}"
EndProject
Project("{FAE04EC0-301F-11D3-BF4B-00C04F79EFBC}") = "BudgetAssistant.Domain", "BudgetAssistant.Domain\BudgetAssistant.Domain.csproj", "{BF52A6F1-B14D-4F00-AE84-BFC62C09B445}"
EndProject
Project("{FAE04EC0-301F-11D3-BF4B-00C04F79EFBC}") = "BudgetAssistant.Application", "BudgetAssistant.Application\BudgetAssistant.Application.csproj", "{83A90F1E-A661-43A6-AC04-AABDBB49DE74}"
EndProject
Global
	GlobalSection(SolutionConfigurationPlatforms) = preSolution
		Debug|Any CPU = Debug|Any CPU
		Release|Any CPU = Release|Any CPU
	EndGlobalSection
	GlobalSection(ProjectConfigurationPlatforms) = postSolution
		{BDFEB82D-2F87-4545-9F96-1FD740FE53E2}.Debug|Any CPU.ActiveCfg = Debug|Any CPU
		{BDFEB82D-2F87-4545-9F96-1FD740FE53E2}.Debug|Any CPU.Build.0 = Debug|Any CPU
		{BDFEB82D-2F87-4545-9F96-1FD740FE53E2}.Release|Any CPU.ActiveCfg = Release|Any CPU
		{BDFEB82D-2F87-4545-9F96-1FD740FE53E2}.Release|Any CPU.Build.0 = Release|Any CPU
		{9097961D-C1DF-426C-91B6-72A72730EFB5}.Debug|Any CPU.ActiveCfg = Debug|Any CPU
		{9097961D-C1DF-426C-91B6-72A72730EFB5}.Debug|Any CPU.Build.0 = Debug|Any CPU
		{9097961D-C1DF-426C-91B6-72A72730EFB5}.Release|Any CPU.ActiveCfg = Release|Any CPU
		{9097961D-C1DF-426C-91B6-72A72730EFB5}.Release|Any CPU.Build.0 = Release|Any CPU
		{BF52A6F1-B14D-4F00-AE84-BFC62C09B445}.Debug|Any CPU.ActiveCfg = Debug|Any CPU
		{BF52A6F1-B14D-4F00-AE84-BFC62C09B445}.Debug|Any CPU.Build.0 = Debug|Any CPU
		{BF52A6F1-B14D-4F00-AE84-BFC62C09B445}.Release|Any CPU.ActiveCfg = Release|Any CPU
		{BF52A6F1-B14D-4F00-AE84-BFC62C09B445}.Release|Any CPU.Build.0 = Release|Any CPU
		{83A90F1E-A661-43A6-AC04-AABDBB49DE74}.Debug|Any CPU.ActiveCfg = Debug|Any CPU
		{83A90F1E-A661-43A6-AC04-AABDBB49DE74}.Debug|Any CPU.Build.0 = Debug|Any CPU
		{83A90F1E-A661-43A6-AC04-AABDBB49DE74}.Release|Any CPU.ActiveCfg = Release|Any CPU
		{83A90F1E-A661-43A6-AC04-AABDBB49DE74}.Release|Any CPU.Build.0 = Release|Any CPU
	EndGlobalSection
	GlobalSection(SolutionProperties) = preSolution
		HideSolutionNode = FALSE
	EndGlobalSection
	GlobalSection(NestedProjects) = preSolution
		{9097961D-C1DF-426C-91B6-72A72730EFB5} = {B5D63CCA-8F3B-4966-9CD9-332160FF12D9}
		{BF52A6F1-B14D-4F00-AE84-BFC62C09B445} = {C3373722-0E3E-433E-8589-9DA07F3157FE}
		{83A90F1E-A661-43A6-AC04-AABDBB49DE74} = {135F2C3F-FF7C-4A69-AA50-68B725A90431}
	EndGlobalSection
	GlobalSection(ExtensibilityGlobals) = postSolution
		SolutionGuid = {80C283DD-7135-4DF9-995F-73ABC2BB2DDB}
	EndGlobalSection
EndGlobal
